
Microsoft Visual Studio Solution File, Format Version 12.00
# Visual Studio Version 17
VisualStudioVersion = 17.0.31903.59
MinimumVisualStudioVersion = 10.0.40219.1
Project("{2150E333-8FDC-42A3-9474-1A3956D46DE8}") = "Source", "Source", "{D72EACEC-05DE-4F7D-9640-FB817E080B72}"
EndProject
Project("{FAE04EC0-301F-11D3-BF4B-00C04F79EFBC}") = "MarshalTest", "Source\MarshalTest\MarshalTest.csproj", "{DC272703-27E9-4342-8194-F90E4EE5AD93}"
EndProject
Global
	GlobalSection(SolutionConfigurationPlatforms) = preSolution
		Debug|Any CPU = Debug|Any CPU
		Release|Any CPU = Release|Any CPU
	EndGlobalSection
	GlobalSection(SolutionProperties) = preSolution
		HideSolutionNode = FALSE
	EndGlobalSection
	GlobalSection(ProjectConfigurationPlatforms) = postSolution
		{DC272703-27E9-4342-8194-F90E4EE5AD93}.Debug|Any CPU.ActiveCfg = Debug|Any CPU
		{DC272703-27E9-4342-8194-F90E4EE5AD93}.Debug|Any CPU.Build.0 = Debug|Any CPU
		{DC272703-27E9-4342-8194-F90E4EE5AD93}.Release|Any CPU.ActiveCfg = Release|Any CPU
		{DC272703-27E9-4342-8194-F90E4EE5AD93}.Release|Any CPU.Build.0 = Release|Any CPU
	EndGlobalSection
	GlobalSection(NestedProjects) = preSolution
		{DC272703-27E9-4342-8194-F90E4EE5AD93} = {D72EACEC-05DE-4F7D-9640-FB817E080B72}
	EndGlobalSection
EndGlobal
